
Microsoft Visual Studio Solution File, Format Version 12.00
# Visual Studio Version 16
VisualStudioVersion = 16.0.28711.60
MinimumVisualStudioVersion = 10.0.40219.1
Project("{9A19103F-16F7-4668-BE54-9A1E7A4F7556}") = "RentTracker.Core", "RentTracker.Core\RentTracker.Core.csproj", "{B16DF1F2-D86E-489C-9079-BE35F291C9BC}"
EndProject
Project("{9A19103F-16F7-4668-BE54-9A1E7A4F7556}") = "RentTracker.Web", "RentTracker.Web\RentTracker.Web.csproj", "{9C53A47E-7159-41BF-A2E0-6A6463D9AEC4}"
EndProject
Project("{9A19103F-16F7-4668-BE54-9A1E7A4F7556}") = "RentTracker.Data", "RentTracker.Data\RentTracker.Data.csproj", "{3005C8AE-C317-4B30-83CD-FB841E39ADED}"
EndProject
Project("{9A19103F-16F7-4668-BE54-9A1E7A4F7556}") = "RentTracker.Service", "RentTracker.Service\RentTracker.Service.csproj", "{B48C166C-95EA-448E-A632-7560F9EA4DE1}"
EndProject
Project("{9A19103F-16F7-4668-BE54-9A1E7A4F7556}") = "RentTracker.Test", "RentTracker.Test\RentTracker.Test.csproj", "{DC3F8228-4272-44AB-AE05-E19FB0E11930}"
EndProject
Global
	GlobalSection(SolutionConfigurationPlatforms) = preSolution
		Debug|Any CPU = Debug|Any CPU
		Release|Any CPU = Release|Any CPU
	EndGlobalSection
	GlobalSection(ProjectConfigurationPlatforms) = postSolution
		{B16DF1F2-D86E-489C-9079-BE35F291C9BC}.Debug|Any CPU.ActiveCfg = Debug|Any CPU
		{B16DF1F2-D86E-489C-9079-BE35F291C9BC}.Debug|Any CPU.Build.0 = Debug|Any CPU
		{B16DF1F2-D86E-489C-9079-BE35F291C9BC}.Release|Any CPU.ActiveCfg = Release|Any CPU
		{B16DF1F2-D86E-489C-9079-BE35F291C9BC}.Release|Any CPU.Build.0 = Release|Any CPU
		{9C53A47E-7159-41BF-A2E0-6A6463D9AEC4}.Debug|Any CPU.ActiveCfg = Debug|Any CPU
		{9C53A47E-7159-41BF-A2E0-6A6463D9AEC4}.Debug|Any CPU.Build.0 = Debug|Any CPU
		{9C53A47E-7159-41BF-A2E0-6A6463D9AEC4}.Release|Any CPU.ActiveCfg = Release|Any CPU
		{9C53A47E-7159-41BF-A2E0-6A6463D9AEC4}.Release|Any CPU.Build.0 = Release|Any CPU
		{3005C8AE-C317-4B30-83CD-FB841E39ADED}.Debug|Any CPU.ActiveCfg = Debug|Any CPU
		{3005C8AE-C317-4B30-83CD-FB841E39ADED}.Debug|Any CPU.Build.0 = Debug|Any CPU
		{3005C8AE-C317-4B30-83CD-FB841E39ADED}.Release|Any CPU.ActiveCfg = Release|Any CPU
		{3005C8AE-C317-4B30-83CD-FB841E39ADED}.Release|Any CPU.Build.0 = Release|Any CPU
		{B48C166C-95EA-448E-A632-7560F9EA4DE1}.Debug|Any CPU.ActiveCfg = Debug|Any CPU
		{B48C166C-95EA-448E-A632-7560F9EA4DE1}.Debug|Any CPU.Build.0 = Debug|Any CPU
		{B48C166C-95EA-448E-A632-7560F9EA4DE1}.Release|Any CPU.ActiveCfg = Release|Any CPU
		{B48C166C-95EA-448E-A632-7560F9EA4DE1}.Release|Any CPU.Build.0 = Release|Any CPU
		{DC3F8228-4272-44AB-AE05-E19FB0E11930}.Debug|Any CPU.ActiveCfg = Debug|Any CPU
		{DC3F8228-4272-44AB-AE05-E19FB0E11930}.Debug|Any CPU.Build.0 = Debug|Any CPU
		{DC3F8228-4272-44AB-AE05-E19FB0E11930}.Release|Any CPU.ActiveCfg = Release|Any CPU
		{DC3F8228-4272-44AB-AE05-E19FB0E11930}.Release|Any CPU.Build.0 = Release|Any CPU
	EndGlobalSection
	GlobalSection(SolutionProperties) = preSolution
		HideSolutionNode = FALSE
	EndGlobalSection
	GlobalSection(ExtensibilityGlobals) = postSolution
		SolutionGuid = {C4A8A173-5D3C-4A51-9BDF-1536FDCC6ABC}
	EndGlobalSection
EndGlobal
