
Microsoft Visual Studio Solution File, Format Version 12.00
# Visual Studio Version 17
VisualStudioVersion = 17.0.31903.59
MinimumVisualStudioVersion = 10.0.40219.1
Project("{2150E333-8FDC-42A3-9474-1A3956D46DE8}") = "src", "src", "{827E0CD3-B72D-47B6-A68D-7590B98EB39B}"
EndProject
Project("{FAE04EC0-301F-11D3-BF4B-00C04F79EFBC}") = "RentTracker.Api", "src\RentTracker.Api\RentTracker.Api.csproj", "{15A8489E-E99E-4364-AF21-C00B85DF9971}"
EndProject
Project("{FAE04EC0-301F-11D3-BF4B-00C04F79EFBC}") = "RentTracker.Domain", "src\RentTracker.Domain\RentTracker.Domain.csproj", "{42DB2933-D2EE-4E06-B048-CCF8D999DB4B}"
EndProject
Project("{FAE04EC0-301F-11D3-BF4B-00C04F79EFBC}") = "RentTracker.Infrastructure", "src\RentTracker.Infrastructure\RentTracker.Infrastructure.csproj", "{B0B57596-5E47-4CD4-8144-3EBCC6B230DB}"
EndProject
Global
	GlobalSection(SolutionConfigurationPlatforms) = preSolution
		Debug|Any CPU = Debug|Any CPU
		Debug|x64 = Debug|x64
		Debug|x86 = Debug|x86
		Release|Any CPU = Release|Any CPU
		Release|x64 = Release|x64
		Release|x86 = Release|x86
	EndGlobalSection
	GlobalSection(ProjectConfigurationPlatforms) = postSolution
		{15A8489E-E99E-4364-AF21-C00B85DF9971}.Debug|Any CPU.ActiveCfg = Debug|Any CPU
		{15A8489E-E99E-4364-AF21-C00B85DF9971}.Debug|Any CPU.Build.0 = Debug|Any CPU
		{15A8489E-E99E-4364-AF21-C00B85DF9971}.Debug|x64.ActiveCfg = Debug|Any CPU
		{15A8489E-E99E-4364-AF21-C00B85DF9971}.Debug|x64.Build.0 = Debug|Any CPU
		{15A8489E-E99E-4364-AF21-C00B85DF9971}.Debug|x86.ActiveCfg = Debug|Any CPU
		{15A8489E-E99E-4364-AF21-C00B85DF9971}.Debug|x86.Build.0 = Debug|Any CPU
		{15A8489E-E99E-4364-AF21-C00B85DF9971}.Release|Any CPU.ActiveCfg = Release|Any CPU
		{15A8489E-E99E-4364-AF21-C00B85DF9971}.Release|Any CPU.Build.0 = Release|Any CPU
		{15A8489E-E99E-4364-AF21-C00B85DF9971}.Release|x64.ActiveCfg = Release|Any CPU
		{15A8489E-E99E-4364-AF21-C00B85DF9971}.Release|x64.Build.0 = Release|Any CPU
		{15A8489E-E99E-4364-AF21-C00B85DF9971}.Release|x86.ActiveCfg = Release|Any CPU
		{15A8489E-E99E-4364-AF21-C00B85DF9971}.Release|x86.Build.0 = Release|Any CPU
		{42DB2933-D2EE-4E06-B048-CCF8D999DB4B}.Debug|Any CPU.ActiveCfg = Debug|Any CPU
		{42DB2933-D2EE-4E06-B048-CCF8D999DB4B}.Debug|Any CPU.Build.0 = Debug|Any CPU
		{42DB2933-D2EE-4E06-B048-CCF8D999DB4B}.Debug|x64.ActiveCfg = Debug|Any CPU
		{42DB2933-D2EE-4E06-B048-CCF8D999DB4B}.Debug|x64.Build.0 = Debug|Any CPU
		{42DB2933-D2EE-4E06-B048-CCF8D999DB4B}.Debug|x86.ActiveCfg = Debug|Any CPU
		{42DB2933-D2EE-4E06-B048-CCF8D999DB4B}.Debug|x86.Build.0 = Debug|Any CPU
		{42DB2933-D2EE-4E06-B048-CCF8D999DB4B}.Release|Any CPU.ActiveCfg = Release|Any CPU
		{42DB2933-D2EE-4E06-B048-CCF8D999DB4B}.Release|Any CPU.Build.0 = Release|Any CPU
		{42DB2933-D2EE-4E06-B048-CCF8D999DB4B}.Release|x64.ActiveCfg = Release|Any CPU
		{42DB2933-D2EE-4E06-B048-CCF8D999DB4B}.Release|x64.Build.0 = Release|Any CPU
		{42DB2933-D2EE-4E06-B048-CCF8D999DB4B}.Release|x86.ActiveCfg = Release|Any CPU
		{42DB2933-D2EE-4E06-B048-CCF8D999DB4B}.Release|x86.Build.0 = Release|Any CPU
		{B0B57596-5E47-4CD4-8144-3EBCC6B230DB}.Debug|Any CPU.ActiveCfg = Debug|Any CPU
		{B0B57596-5E47-4CD4-8144-3EBCC6B230DB}.Debug|Any CPU.Build.0 = Debug|Any CPU
		{B0B57596-5E47-4CD4-8144-3EBCC6B230DB}.Debug|x64.ActiveCfg = Debug|Any CPU
		{B0B57596-5E47-4CD4-8144-3EBCC6B230DB}.Debug|x64.Build.0 = Debug|Any CPU
		{B0B57596-5E47-4CD4-8144-3EBCC6B230DB}.Debug|x86.ActiveCfg = Debug|Any CPU
		{B0B57596-5E47-4CD4-8144-3EBCC6B230DB}.Debug|x86.Build.0 = Debug|Any CPU
		{B0B57596-5E47-4CD4-8144-3EBCC6B230DB}.Release|Any CPU.ActiveCfg = Release|Any CPU
		{B0B57596-5E47-4CD4-8144-3EBCC6B230DB}.Release|Any CPU.Build.0 = Release|Any CPU
		{B0B57596-5E47-4CD4-8144-3EBCC6B230DB}.Release|x64.ActiveCfg = Release|Any CPU
		{B0B57596-5E47-4CD4-8144-3EBCC6B230DB}.Release|x64.Build.0 = Release|Any CPU
		{B0B57596-5E47-4CD4-8144-3EBCC6B230DB}.Release|x86.ActiveCfg = Release|Any CPU
		{B0B57596-5E47-4CD4-8144-3EBCC6B230DB}.Release|x86.Build.0 = Release|Any CPU
	EndGlobalSection
	GlobalSection(SolutionProperties) = preSolution
		HideSolutionNode = FALSE
	EndGlobalSection
	GlobalSection(NestedProjects) = preSolution
		{15A8489E-E99E-4364-AF21-C00B85DF9971} = {827E0CD3-B72D-47B6-A68D-7590B98EB39B}
		{42DB2933-D2EE-4E06-B048-CCF8D999DB4B} = {827E0CD3-B72D-47B6-A68D-7590B98EB39B}
		{B0B57596-5E47-4CD4-8144-3EBCC6B230DB} = {827E0CD3-B72D-47B6-A68D-7590B98EB39B}
	EndGlobalSection
EndGlobal
